{
  "originHash" : "1d75414e22f19ea64957b924d79ba9b768e56b6a742e7374ec72ef3d5e94deb8",
  "pins" : [
    {
      "identity" : "rtlsdrwrapper",
      "kind" : "remoteSourceControl",
      "location" : "https://github.com/ConnorGibbons/RTLSDRWrapper",
      "state" : {
        "branch" : "main",
        "revision" : "3b06691c9758b038b36ca90edd4d05e43a69c90d"
      }
    },
    {
      "identity" : "signaltools",
      "kind" : "remoteSourceControl",
      "location" : "https://github.com/ConnorGibbons/SignalTools",
      "state" : {
        "branch" : "main",
        "revision" : "b9a10561b4c389c95dfd80064f89477b796bc31b"
      }
    }
  ],
  "version" : 3
}
