{
  "originHash" : "9d4edb389be1858d28fcce27a023e2f903c84adfe5f2d589f809d227df26bcab",
  "pins" : [
    {
      "identity" : "rtlsdrwrapper",
      "kind" : "remoteSourceControl",
      "location" : "https://github.com/ConnorGibbons/RTLSDRWrapper",
      "state" : {
        "branch" : "main",
        "revision" : "c2b4bd249f5f205cd79afa5224bba6c500e582cc"
      }
    },
    {
      "identity" : "signaltools",
      "kind" : "remoteSourceControl",
      "location" : "https://github.com/ConnorGibbons/SignalTools",
      "state" : {
        "branch" : "main",
        "revision" : "b9a10561b4c389c95dfd80064f89477b796bc31b"
      }
    }
  ],
  "version" : 3
}
