{
  "object": {
    "pins": [
      {
        "package": "RTLSDRWrapper",
        "repositoryURL": "https://github.com/ConnorGibbons/RTLSDRWrapper",
        "state": {
          "branch": "main",
          "revision": "340c46dc6682be7a09311aea1cd0572c99bff3a7",
          "version": null
        }
      },
      {
        "package": "SignalTools",
        "repositoryURL": "https://github.com/ConnorGibbons/SignalTools",
        "state": {
          "branch": "main",
          "revision": "2c2c3f7a65e1c113421ea6e193d281481fa02824",
          "version": null
        }
      }
    ]
  },
  "version": 1
}
